Microsoft Visual Studio Solution File, Format Version 12.00
# Visual Studio Version 16
VisualStudioVersion = 16.0.0.0
MinimumVisualStudioVersion = 16.0.0.0
Project("{9A19103F-16F7-4668-BE54-9A1E7A4F7556}") = "ProcessLog.Server", "Server\ProcessLog.Server.csproj", "{2CF5E266-9A9B-45C9-B50A-7376CDD0D516}"
EndProject
Project("{9A19103F-16F7-4668-BE54-9A1E7A4F7556}") = "ProcessLog.Client", "Client\ProcessLog.Client.csproj", "{2775C15A-7C55-466D-81BE-EF6700B3B8ED}"
EndProject
Project("{9A19103F-16F7-4668-BE54-9A1E7A4F7556}") = "ProcessLog.Shared", "Shared\ProcessLog.Shared.csproj", "{444EC897-00DB-45ED-803F-568F25F7B7AA}"
EndProject
Global
	GlobalSection(SolutionConfigurationPlatforms) = preSolution
		Debug|Any CPU = Debug|Any CPU
		Debug|x64 = Debug|x64
		Debug|x86 = Debug|x86
		Release|Any CPU = Release|Any CPU
		Release|x64 = Release|x64
		Release|x86 = Release|x86
	EndGlobalSection
	GlobalSection(ProjectConfigurationPlatforms) = postSolution
		{2775C15A-7C55-466D-81BE-EF6700B3B8ED}.Debug|Any CPU.ActiveCfg = Debug|Any CPU
		{2775C15A-7C55-466D-81BE-EF6700B3B8ED}.Debug|Any CPU.Build.0 = Debug|Any CPU
		{2775C15A-7C55-466D-81BE-EF6700B3B8ED}.Debug|x64.ActiveCfg = Debug|Any CPU
		{2775C15A-7C55-466D-81BE-EF6700B3B8ED}.Debug|x64.Build.0 = Debug|Any CPU
		{2775C15A-7C55-466D-81BE-EF6700B3B8ED}.Debug|x86.ActiveCfg = Debug|Any CPU
		{2775C15A-7C55-466D-81BE-EF6700B3B8ED}.Debug|x86.Build.0 = Debug|Any CPU
		{2775C15A-7C55-466D-81BE-EF6700B3B8ED}.Release|Any CPU.ActiveCfg = Release|Any CPU
		{2775C15A-7C55-466D-81BE-EF6700B3B8ED}.Release|Any CPU.Build.0 = Release|Any CPU
		{2775C15A-7C55-466D-81BE-EF6700B3B8ED}.Release|x64.ActiveCfg = Release|Any CPU
		{2775C15A-7C55-466D-81BE-EF6700B3B8ED}.Release|x64.Build.0 = Release|Any CPU
		{2775C15A-7C55-466D-81BE-EF6700B3B8ED}.Release|x86.ActiveCfg = Release|Any CPU
		{2775C15A-7C55-466D-81BE-EF6700B3B8ED}.Release|x86.Build.0 = Release|Any CPU
		{2CF5E266-9A9B-45C9-B50A-7376CDD0D516}.Debug|Any CPU.ActiveCfg = Debug|Any CPU
		{2CF5E266-9A9B-45C9-B50A-7376CDD0D516}.Debug|Any CPU.Build.0 = Debug|Any CPU
		{2CF5E266-9A9B-45C9-B50A-7376CDD0D516}.Debug|x64.ActiveCfg = Debug|Any CPU
		{2CF5E266-9A9B-45C9-B50A-7376CDD0D516}.Debug|x64.Build.0 = Debug|Any CPU
		{2CF5E266-9A9B-45C9-B50A-7376CDD0D516}.Debug|x86.ActiveCfg = Debug|Any CPU
		{2CF5E266-9A9B-45C9-B50A-7376CDD0D516}.Debug|x86.Build.0 = Debug|Any CPU
		{2CF5E266-9A9B-45C9-B50A-7376CDD0D516}.Release|Any CPU.ActiveCfg = Release|Any CPU
		{2CF5E266-9A9B-45C9-B50A-7376CDD0D516}.Release|Any CPU.Build.0 = Release|Any CPU
		{2CF5E266-9A9B-45C9-B50A-7376CDD0D516}.Release|x64.ActiveCfg = Release|Any CPU
		{2CF5E266-9A9B-45C9-B50A-7376CDD0D516}.Release|x64.Build.0 = Release|Any CPU
		{2CF5E266-9A9B-45C9-B50A-7376CDD0D516}.Release|x86.ActiveCfg = Release|Any CPU
		{2CF5E266-9A9B-45C9-B50A-7376CDD0D516}.Release|x86.Build.0 = Release|Any CPU
		{444EC897-00DB-45ED-803F-568F25F7B7AA}.Debug|Any CPU.ActiveCfg = Debug|Any CPU
		{444EC897-00DB-45ED-803F-568F25F7B7AA}.Debug|Any CPU.Build.0 = Debug|Any CPU
		{444EC897-00DB-45ED-803F-568F25F7B7AA}.Debug|x64.ActiveCfg = Debug|Any CPU
		{444EC897-00DB-45ED-803F-568F25F7B7AA}.Debug|x64.Build.0 = Debug|Any CPU
		{444EC897-00DB-45ED-803F-568F25F7B7AA}.Debug|x86.ActiveCfg = Debug|Any CPU
		{444EC897-00DB-45ED-803F-568F25F7B7AA}.Debug|x86.Build.0 = Debug|Any CPU
		{444EC897-00DB-45ED-803F-568F25F7B7AA}.Release|Any CPU.ActiveCfg = Release|Any CPU
		{444EC897-00DB-45ED-803F-568F25F7B7AA}.Release|Any CPU.Build.0 = Release|Any CPU
		{444EC897-00DB-45ED-803F-568F25F7B7AA}.Release|x64.ActiveCfg = Release|Any CPU
		{444EC897-00DB-45ED-803F-568F25F7B7AA}.Release|x64.Build.0 = Release|Any CPU
		{444EC897-00DB-45ED-803F-568F25F7B7AA}.Release|x86.ActiveCfg = Release|Any CPU
		{444EC897-00DB-45ED-803F-568F25F7B7AA}.Release|x86.Build.0 = Release|Any CPU
	EndGlobalSection
	GlobalSection(SolutionProperties) = preSolution
		HideSolutionNode = FALSE
	EndGlobalSection
	GlobalSection(ExtensibilityGlobals) = postSolution
		SolutionGuid = {48377983-3192-41F7-A054-51BCE4294C84}
	EndGlobalSection
EndGlobal